{
    "_readme": [
        "This file locks the dependencies of your project to a known state",
        "Read more about it at https://getcomposer.org/doc/01-basic-usage.md#installing-dependencies",
        "This file is @generated automatically"
    ],
    "content-hash": "a24cfc7235cd06cd93c7c502155e453e",
    "packages": [
        {
            "name": "ddeboer/imap",
            "version": "1.12.2",
            "source": {
                "type": "git",
                "url": "https://github.com/ddeboer/imap.git",
                "reference": "5f1d8ed40b365386c028e038658376410c59e8a8"
            },
            "dist": {
                "type": "zip",
                "url": "https://api.github.com/repos/ddeboer/imap/zipball/5f1d8ed40b365386c028e038658376410c59e8a8",
                "reference": "5f1d8ed40b365386c028e038658376410c59e8a8",
                "shasum": ""
            },
            "require": {
                "ext-iconv": "*",
                "ext-imap": "*",
                "ext-mbstring": "*",
                "php": "^7.4 || ^8.0.1"
            },
            "require-dev": {
                "friendsofphp/php-cs-fixer": "^v3.1.0",
                "laminas/laminas-mail": "^2.15.0",
                "malukenho/mcbumpface": "^1.1.5",
                "phpstan/phpstan": "^0.12.99",
                "phpstan/phpstan-phpunit": "^0.12.22",
                "phpstan/phpstan-strict-rules": "^0.12.11",
                "phpunit/phpunit": "^9.5.9"
            },
            "type": "library",
            "autoload": {
                "psr-4": {
                    "Ddeboer\\Imap\\": "src/"
                }
            },
            "notification-url": "https://packagist.org/downloads/",
            "license": [
                "MIT"
            ],
            "authors": [
                {
                    "name": "David de Boer",
                    "email": "david@ddeboer.nl"
                },
                {
                    "name": "Filippo Tessarotto",
                    "email": "zoeslam@gmail.com"
                },
                {
                    "name": "Community contributors",
                    "homepage": "https://github.com/ddeboer/imap/graphs/contributors"
                }
            ],
            "description": "Object-oriented IMAP for PHP",
            "keywords": [
                "email",
                "imap",
                "mail"
            ],
            "support": {
                "issues": "https://github.com/ddeboer/imap/issues",
                "source": "https://github.com/ddeboer/imap/tree/1.12.2"
            },
            "funding": [
                {
                    "url": "https://github.com/Slamdunk",
                    "type": "github"
                },
                {
                    "url": "https://github.com/ddeboer",
                    "type": "github"
                }
            ],
            "time": "2021-09-23T05:56:38+00:00"
        },
        {
            "name": "telegram-bot/api",
            "version": "v2.3.24",
            "source": {
                "type": "git",
                "url": "https://github.com/TelegramBot/Api.git",
                "reference": "579f64d0ffe7f21d1f61cb8734e297686b286bf7"
            },
            "dist": {
                "type": "zip",
                "url": "https://api.github.com/repos/TelegramBot/Api/zipball/579f64d0ffe7f21d1f61cb8734e297686b286bf7",
                "reference": "579f64d0ffe7f21d1f61cb8734e297686b286bf7",
                "shasum": ""
            },
            "require": {
                "ext-curl": "*",
                "php": ">=5.5.0"
            },
            "require-dev": {
                "codeception/codeception": "*",
                "phpunit/phpunit": "~4.0",
                "squizlabs/php_codesniffer": "2.*"
            },
            "type": "library",
            "extra": {
                "branch-alias": {
                    "dev-master": "1.0-dev"
                }
            },
            "autoload": {
                "psr-4": {
                    "TelegramBot\\Api\\": "src"
                }
            },
            "notification-url": "https://packagist.org/downloads/",
            "license": [
                "MIT"
            ],
            "authors": [
                {
                    "name": "Ilya Gusev",
                    "email": "mail@igusev.ru",
                    "homepage": "https://php-cat.com",
                    "role": "Developer"
                }
            ],
            "description": "PHP Wrapper for Telegram Bot API",
            "homepage": "https://github.com/TelegramBot/Api",
            "keywords": [
                "bot",
                "bot api",
                "php",
                "telegram"
            ],
            "support": {
                "issues": "https://github.com/TelegramBot/Api/issues",
                "source": "https://github.com/TelegramBot/Api/tree/v2.3.24"
            },
            "time": "2021-12-06T13:05:34+00:00"
        }
    ],
    "packages-dev": [],
    "aliases": [],
    "minimum-stability": "stable",
    "stability-flags": [],
    "prefer-stable": false,
    "prefer-lowest": false,
    "platform": [],
    "platform-dev": [],
    "plugin-api-version": "2.3.0"
}
